
Microsoft Visual Studio Solution File, Format Version 12.00
# Visual Studio Version 17
VisualStudioVersion = 17.0.32014.148
MinimumVisualStudioVersion = 10.0.40219.1
Project("{2150E333-8FDC-42A3-9474-1A3956D46DE8}") = "src", "src", "{8672A84E-52C1-4279-AB0E-5A37D6B65A51}"
EndProject
Project("{9A19103F-16F7-4668-BE54-9A1E7A4F7556}") = "Confab.Bootstrapper", "src\Bootstrapper\Confab.Bootstrapper\Confab.Bootstrapper.csproj", "{26F8B7D2-46EF-425F-B9EA-F64D0D9A4C80}"
EndProject
Project("{2150E333-8FDC-42A3-9474-1A3956D46DE8}") = "tests", "tests", "{236B6281-510E-4E4B-BABA-1A7DB0791EAC}"
EndProject
Project("{2150E333-8FDC-42A3-9474-1A3956D46DE8}") = "Bootstrapper", "Bootstrapper", "{BFCE9072-0399-47DC-9B40-3303FAE7CD18}"
EndProject
Project("{2150E333-8FDC-42A3-9474-1A3956D46DE8}") = "Modules", "Modules", "{396C32F0-50B0-4BEC-9995-C5B53A242AA3}"
EndProject
Project("{2150E333-8FDC-42A3-9474-1A3956D46DE8}") = "Shared", "Shared", "{708E0CA5-BD9D-4A1A-B405-F2F46ADDC170}"
EndProject
Project("{2150E333-8FDC-42A3-9474-1A3956D46DE8}") = "Conferences", "Conferences", "{DCA60734-0019-4BA3-AB9A-3DD380882B4D}"
EndProject
Project("{9A19103F-16F7-4668-BE54-9A1E7A4F7556}") = "Confab.Modules.Conferences.Api", "src\Modules\Conferences\Confab.Modules.Conferences.Api\Confab.Modules.Conferences.Api.csproj", "{22126FEF-10A4-474C-9D84-8693250C176B}"
EndProject
Project("{9A19103F-16F7-4668-BE54-9A1E7A4F7556}") = "Confab.Shared.Abstractions", "src\Shared\Confab.Shared.Abstractions\Confab.Shared.Abstractions.csproj", "{EFB1443E-1E30-4BD5-A3F0-C6E671AF24D3}"
EndProject
Project("{9A19103F-16F7-4668-BE54-9A1E7A4F7556}") = "Confab.Shared.Infrastructure", "src\Shared\Confab.Shared.Infrastructure\Confab.Shared.Infrastructure.csproj", "{FD01A4AD-CE59-4CB4-83CA-DA42CFF6DBEE}"
EndProject
Project("{9A19103F-16F7-4668-BE54-9A1E7A4F7556}") = "Confab.Modules.Conferences.Core", "src\Modules\Conferences\Confab.Modules.Conferences.Core\Confab.Modules.Conferences.Core.csproj", "{3022082E-18AB-4479-A851-0C9D5CCAB24D}"
EndProject
Project("{2150E333-8FDC-42A3-9474-1A3956D46DE8}") = "Speakers", "Speakers", "{6C217269-75B8-4073-9470-CCC70253B28F}"
EndProject
Project("{9A19103F-16F7-4668-BE54-9A1E7A4F7556}") = "Confab.Modules.Speakers.Api", "src\Modules\Speakers\Confab.Modules.Speakers.Api\Confab.Modules.Speakers.Api.csproj", "{8E684DE3-030C-46FE-9843-55C0C49527C8}"
EndProject
Project("{9A19103F-16F7-4668-BE54-9A1E7A4F7556}") = "Confab.Modules.Speakers.Core", "src\Modules\Speakers\Confab.Modules.Speakers.Core\Confab.Modules.Speakers.Core.csproj", "{B36BEC42-ABCD-4AC7-AE3F-7ED61F72E5B0}"
EndProject
Project("{2150E333-8FDC-42A3-9474-1A3956D46DE8}") = "Users", "Users", "{59458A55-0AEB-40F7-9626-55A9FBC7F32F}"
EndProject
Project("{9A19103F-16F7-4668-BE54-9A1E7A4F7556}") = "Confab.Modules.Users.Api", "src\Modules\Users\Confab.Modules.Users.Api\Confab.Modules.Users.Api.csproj", "{7DA379EC-A5B6-45F9-AB5A-59DE9A557AB6}"
EndProject
Project("{9A19103F-16F7-4668-BE54-9A1E7A4F7556}") = "Confab.Modules.Users.Core", "src\Modules\Users\Confab.Modules.Users.Core\Confab.Modules.Users.Core.csproj", "{88180520-91BC-4525-8C3E-C1985378BE16}"
EndProject
Project("{2150E333-8FDC-42A3-9474-1A3956D46DE8}") = "Tickets", "Tickets", "{693D4E86-6710-4684-9D31-9ECAD049A7BE}"
EndProject
Project("{9A19103F-16F7-4668-BE54-9A1E7A4F7556}") = "Confab.Modules.Tickets.Api", "src\Modules\Tickets\Confab.Modules.Tickets.Api\Confab.Modules.Tickets.Api.csproj", "{C49F0B4D-E038-49D5-8B49-8003AD097EF3}"
EndProject
Project("{9A19103F-16F7-4668-BE54-9A1E7A4F7556}") = "Confab.Modules.Tickets.Core", "src\Modules\Tickets\Confab.Modules.Tickets.Core\Confab.Modules.Tickets.Core.csproj", "{B7941DBF-EA6C-405A-AB41-B311F2F08D97}"
EndProject
Project("{2150E333-8FDC-42A3-9474-1A3956D46DE8}") = "Agendas", "Agendas", "{9744BA50-D6F3-41C7-B79E-A63A952EBF49}"
EndProject
Project("{9A19103F-16F7-4668-BE54-9A1E7A4F7556}") = "Confab.Modules.Agendas.Domain", "src\Modules\Agendas\Confab.Modules.Agendas.Domain\Confab.Modules.Agendas.Domain.csproj", "{70993430-27BC-4C24-B87C-9329527EE8CA}"
EndProject
Project("{9A19103F-16F7-4668-BE54-9A1E7A4F7556}") = "Confab.Modules.Agendas.Application", "src\Modules\Agendas\Confab.Modules.Agendas.Application\Confab.Modules.Agendas.Application.csproj", "{F449D86D-CC86-48E5-AFA1-0942AE9C4209}"
EndProject
Project("{9A19103F-16F7-4668-BE54-9A1E7A4F7556}") = "Confab.Modules.Agendas.Infrastructure", "src\Modules\Agendas\Confab.Modules.Agendas.Infrastructure\Confab.Modules.Agendas.Infrastructure.csproj", "{FB3AFE02-D2F0-4E6B-A12F-6C4B4459DFBD}"
EndProject
Project("{9A19103F-16F7-4668-BE54-9A1E7A4F7556}") = "Confab.Modules.Agendas.Api", "src\Modules\Agendas\Confab.Modules.Agendas.Api\Confab.Modules.Agendas.Api.csproj", "{3A1E710A-D6DC-4402-B7B3-5C7DB544BBE6}"
EndProject
Project("{2150E333-8FDC-42A3-9474-1A3956D46DE8}") = "Attendances", "Attendances", "{0AD1AA3B-0924-4A7D-B8D5-02591C0D86E3}"
EndProject
Project("{9A19103F-16F7-4668-BE54-9A1E7A4F7556}") = "Confab.Modules.Attendances.Domain", "src\Modules\Attendances\Confab.Modules.Attendances.Domain\Confab.Modules.Attendances.Domain.csproj", "{7BC68E38-DDCA-43B0-AA83-11B636D3DC06}"
EndProject
Project("{9A19103F-16F7-4668-BE54-9A1E7A4F7556}") = "Confab.Modules.Attendances.Application", "src\Modules\Attendances\Confab.Modules.Attendances.Application\Confab.Modules.Attendances.Application.csproj", "{FCEE71C4-ED55-435B-9BA0-6E36556664F4}"
EndProject
Project("{9A19103F-16F7-4668-BE54-9A1E7A4F7556}") = "Confab.Modules.Attendances.Infrastructure", "src\Modules\Attendances\Confab.Modules.Attendances.Infrastructure\Confab.Modules.Attendances.Infrastructure.csproj", "{E4AA6230-03B7-44FC-824B-ABF8AC2607EB}"
EndProject
Project("{9A19103F-16F7-4668-BE54-9A1E7A4F7556}") = "Confab.Modules.Attendances.Api", "src\Modules\Attendances\Confab.Modules.Attendances.Api\Confab.Modules.Attendances.Api.csproj", "{623932F0-DCC3-42D2-8E12-D14DCA487747}"
EndProject
Project("{9A19103F-16F7-4668-BE54-9A1E7A4F7556}") = "Confab.Shared.Kernel", "src\Shared\Confab.Shared.Kernel\Confab.Shared.Kernel.csproj", "{515907E1-13AE-43CF-8667-5FFB5198C475}"
EndProject
Project("{9A19103F-16F7-4668-BE54-9A1E7A4F7556}") = "Confab.Shared.Kernel.Tests", "tests\Confab.Shared.Kernel.Tests\Confab.Shared.Kernel.Tests.csproj", "{6A6D4E3D-C855-4332-9D7D-69141CA86AAE}"
EndProject
Project("{E53339B2-1760-4266-BCC7-CA923CBCF16C}") = "docker-compose", "docker-compose.dcproj", "{BCCAF91C-199E-42A7-936D-053D1FF4414B}"
EndProject
Project("{9A19103F-16F7-4668-BE54-9A1E7A4F7556}") = "Confab.Modules.Attendances.Tests.Unit", "tests\Confab.Modules.Attendances.Tests.Unit\Confab.Modules.Attendances.Tests.Unit.csproj", "{4A24F83D-1394-4561-87BB-C756598BDA48}"
EndProject
Global
	GlobalSection(SolutionConfigurationPlatforms) = preSolution
		Debug|Any CPU = Debug|Any CPU
		Debug|x64 = Debug|x64
		Debug|x86 = Debug|x86
		Release|Any CPU = Release|Any CPU
		Release|x64 = Release|x64
		Release|x86 = Release|x86
	EndGlobalSection
	GlobalSection(ProjectConfigurationPlatforms) = postSolution
		{26F8B7D2-46EF-425F-B9EA-F64D0D9A4C80}.Debug|Any CPU.ActiveCfg = Debug|Any CPU
		{26F8B7D2-46EF-425F-B9EA-F64D0D9A4C80}.Debug|Any CPU.Build.0 = Debug|Any CPU
		{26F8B7D2-46EF-425F-B9EA-F64D0D9A4C80}.Debug|x64.ActiveCfg = Debug|Any CPU
		{26F8B7D2-46EF-425F-B9EA-F64D0D9A4C80}.Debug|x64.Build.0 = Debug|Any CPU
		{26F8B7D2-46EF-425F-B9EA-F64D0D9A4C80}.Debug|x86.ActiveCfg = Debug|Any CPU
		{26F8B7D2-46EF-425F-B9EA-F64D0D9A4C80}.Debug|x86.Build.0 = Debug|Any CPU
		{26F8B7D2-46EF-425F-B9EA-F64D0D9A4C80}.Release|Any CPU.ActiveCfg = Release|Any CPU
		{26F8B7D2-46EF-425F-B9EA-F64D0D9A4C80}.Release|Any CPU.Build.0 = Release|Any CPU
		{26F8B7D2-46EF-425F-B9EA-F64D0D9A4C80}.Release|x64.ActiveCfg = Release|Any CPU
		{26F8B7D2-46EF-425F-B9EA-F64D0D9A4C80}.Release|x64.Build.0 = Release|Any CPU
		{26F8B7D2-46EF-425F-B9EA-F64D0D9A4C80}.Release|x86.ActiveCfg = Release|Any CPU
		{26F8B7D2-46EF-425F-B9EA-F64D0D9A4C80}.Release|x86.Build.0 = Release|Any CPU
		{22126FEF-10A4-474C-9D84-8693250C176B}.Debug|Any CPU.ActiveCfg = Debug|Any CPU
		{22126FEF-10A4-474C-9D84-8693250C176B}.Debug|Any CPU.Build.0 = Debug|Any CPU
		{22126FEF-10A4-474C-9D84-8693250C176B}.Debug|x64.ActiveCfg = Debug|Any CPU
		{22126FEF-10A4-474C-9D84-8693250C176B}.Debug|x64.Build.0 = Debug|Any CPU
		{22126FEF-10A4-474C-9D84-8693250C176B}.Debug|x86.ActiveCfg = Debug|Any CPU
		{22126FEF-10A4-474C-9D84-8693250C176B}.Debug|x86.Build.0 = Debug|Any CPU
		{22126FEF-10A4-474C-9D84-8693250C176B}.Release|Any CPU.ActiveCfg = Release|Any CPU
		{22126FEF-10A4-474C-9D84-8693250C176B}.Release|Any CPU.Build.0 = Release|Any CPU
		{22126FEF-10A4-474C-9D84-8693250C176B}.Release|x64.ActiveCfg = Release|Any CPU
		{22126FEF-10A4-474C-9D84-8693250C176B}.Release|x64.Build.0 = Release|Any CPU
		{22126FEF-10A4-474C-9D84-8693250C176B}.Release|x86.ActiveCfg = Release|Any CPU
		{22126FEF-10A4-474C-9D84-8693250C176B}.Release|x86.Build.0 = Release|Any CPU
		{EFB1443E-1E30-4BD5-A3F0-C6E671AF24D3}.Debug|Any CPU.ActiveCfg = Debug|Any CPU
		{EFB1443E-1E30-4BD5-A3F0-C6E671AF24D3}.Debug|Any CPU.Build.0 = Debug|Any CPU
		{EFB1443E-1E30-4BD5-A3F0-C6E671AF24D3}.Debug|x64.ActiveCfg = Debug|Any CPU
		{EFB1443E-1E30-4BD5-A3F0-C6E671AF24D3}.Debug|x64.Build.0 = Debug|Any CPU
		{EFB1443E-1E30-4BD5-A3F0-C6E671AF24D3}.Debug|x86.ActiveCfg = Debug|Any CPU
		{EFB1443E-1E30-4BD5-A3F0-C6E671AF24D3}.Debug|x86.Build.0 = Debug|Any CPU
		{EFB1443E-1E30-4BD5-A3F0-C6E671AF24D3}.Release|Any CPU.ActiveCfg = Release|Any CPU
		{EFB1443E-1E30-4BD5-A3F0-C6E671AF24D3}.Release|Any CPU.Build.0 = Release|Any CPU
		{EFB1443E-1E30-4BD5-A3F0-C6E671AF24D3}.Release|x64.ActiveCfg = Release|Any CPU
		{EFB1443E-1E30-4BD5-A3F0-C6E671AF24D3}.Release|x64.Build.0 = Release|Any CPU
		{EFB1443E-1E30-4BD5-A3F0-C6E671AF24D3}.Release|x86.ActiveCfg = Release|Any CPU
		{EFB1443E-1E30-4BD5-A3F0-C6E671AF24D3}.Release|x86.Build.0 = Release|Any CPU
		{FD01A4AD-CE59-4CB4-83CA-DA42CFF6DBEE}.Debug|Any CPU.ActiveCfg = Debug|Any CPU
		{FD01A4AD-CE59-4CB4-83CA-DA42CFF6DBEE}.Debug|Any CPU.Build.0 = Debug|Any CPU
		{FD01A4AD-CE59-4CB4-83CA-DA42CFF6DBEE}.Debug|x64.ActiveCfg = Debug|Any CPU
		{FD01A4AD-CE59-4CB4-83CA-DA42CFF6DBEE}.Debug|x64.Build.0 = Debug|Any CPU
		{FD01A4AD-CE59-4CB4-83CA-DA42CFF6DBEE}.Debug|x86.ActiveCfg = Debug|Any CPU
		{FD01A4AD-CE59-4CB4-83CA-DA42CFF6DBEE}.Debug|x86.Build.0 = Debug|Any CPU
		{FD01A4AD-CE59-4CB4-83CA-DA42CFF6DBEE}.Release|Any CPU.ActiveCfg = Release|Any CPU
		{FD01A4AD-CE59-4CB4-83CA-DA42CFF6DBEE}.Release|Any CPU.Build.0 = Release|Any CPU
		{FD01A4AD-CE59-4CB4-83CA-DA42CFF6DBEE}.Release|x64.ActiveCfg = Release|Any CPU
		{FD01A4AD-CE59-4CB4-83CA-DA42CFF6DBEE}.Release|x64.Build.0 = Release|Any CPU
		{FD01A4AD-CE59-4CB4-83CA-DA42CFF6DBEE}.Release|x86.ActiveCfg = Release|Any CPU
		{FD01A4AD-CE59-4CB4-83CA-DA42CFF6DBEE}.Release|x86.Build.0 = Release|Any CPU
		{3022082E-18AB-4479-A851-0C9D5CCAB24D}.Debug|Any CPU.ActiveCfg = Debug|Any CPU
		{3022082E-18AB-4479-A851-0C9D5CCAB24D}.Debug|Any CPU.Build.0 = Debug|Any CPU
		{3022082E-18AB-4479-A851-0C9D5CCAB24D}.Debug|x64.ActiveCfg = Debug|Any CPU
		{3022082E-18AB-4479-A851-0C9D5CCAB24D}.Debug|x64.Build.0 = Debug|Any CPU
		{3022082E-18AB-4479-A851-0C9D5CCAB24D}.Debug|x86.ActiveCfg = Debug|Any CPU
		{3022082E-18AB-4479-A851-0C9D5CCAB24D}.Debug|x86.Build.0 = Debug|Any CPU
		{3022082E-18AB-4479-A851-0C9D5CCAB24D}.Release|Any CPU.ActiveCfg = Release|Any CPU
		{3022082E-18AB-4479-A851-0C9D5CCAB24D}.Release|Any CPU.Build.0 = Release|Any CPU
		{3022082E-18AB-4479-A851-0C9D5CCAB24D}.Release|x64.ActiveCfg = Release|Any CPU
		{3022082E-18AB-4479-A851-0C9D5CCAB24D}.Release|x64.Build.0 = Release|Any CPU
		{3022082E-18AB-4479-A851-0C9D5CCAB24D}.Release|x86.ActiveCfg = Release|Any CPU
		{3022082E-18AB-4479-A851-0C9D5CCAB24D}.Release|x86.Build.0 = Release|Any CPU
		{8E684DE3-030C-46FE-9843-55C0C49527C8}.Debug|Any CPU.ActiveCfg = Debug|Any CPU
		{8E684DE3-030C-46FE-9843-55C0C49527C8}.Debug|Any CPU.Build.0 = Debug|Any CPU
		{8E684DE3-030C-46FE-9843-55C0C49527C8}.Debug|x64.ActiveCfg = Debug|Any CPU
		{8E684DE3-030C-46FE-9843-55C0C49527C8}.Debug|x64.Build.0 = Debug|Any CPU
		{8E684DE3-030C-46FE-9843-55C0C49527C8}.Debug|x86.ActiveCfg = Debug|Any CPU
		{8E684DE3-030C-46FE-9843-55C0C49527C8}.Debug|x86.Build.0 = Debug|Any CPU
		{8E684DE3-030C-46FE-9843-55C0C49527C8}.Release|Any CPU.ActiveCfg = Release|Any CPU
		{8E684DE3-030C-46FE-9843-55C0C49527C8}.Release|Any CPU.Build.0 = Release|Any CPU
		{8E684DE3-030C-46FE-9843-55C0C49527C8}.Release|x64.ActiveCfg = Release|Any CPU
		{8E684DE3-030C-46FE-9843-55C0C49527C8}.Release|x64.Build.0 = Release|Any CPU
		{8E684DE3-030C-46FE-9843-55C0C49527C8}.Release|x86.ActiveCfg = Release|Any CPU
		{8E684DE3-030C-46FE-9843-55C0C49527C8}.Release|x86.Build.0 = Release|Any CPU
		{B36BEC42-ABCD-4AC7-AE3F-7ED61F72E5B0}.Debug|Any CPU.ActiveCfg = Debug|Any CPU
		{B36BEC42-ABCD-4AC7-AE3F-7ED61F72E5B0}.Debug|Any CPU.Build.0 = Debug|Any CPU
		{B36BEC42-ABCD-4AC7-AE3F-7ED61F72E5B0}.Debug|x64.ActiveCfg = Debug|Any CPU
		{B36BEC42-ABCD-4AC7-AE3F-7ED61F72E5B0}.Debug|x64.Build.0 = Debug|Any CPU
		{B36BEC42-ABCD-4AC7-AE3F-7ED61F72E5B0}.Debug|x86.ActiveCfg = Debug|Any CPU
		{B36BEC42-ABCD-4AC7-AE3F-7ED61F72E5B0}.Debug|x86.Build.0 = Debug|Any CPU
		{B36BEC42-ABCD-4AC7-AE3F-7ED61F72E5B0}.Release|Any CPU.ActiveCfg = Release|Any CPU
		{B36BEC42-ABCD-4AC7-AE3F-7ED61F72E5B0}.Release|Any CPU.Build.0 = Release|Any CPU
		{B36BEC42-ABCD-4AC7-AE3F-7ED61F72E5B0}.Release|x64.ActiveCfg = Release|Any CPU
		{B36BEC42-ABCD-4AC7-AE3F-7ED61F72E5B0}.Release|x64.Build.0 = Release|Any CPU
		{B36BEC42-ABCD-4AC7-AE3F-7ED61F72E5B0}.Release|x86.ActiveCfg = Release|Any CPU
		{B36BEC42-ABCD-4AC7-AE3F-7ED61F72E5B0}.Release|x86.Build.0 = Release|Any CPU
		{7DA379EC-A5B6-45F9-AB5A-59DE9A557AB6}.Debug|Any CPU.ActiveCfg = Debug|Any CPU
		{7DA379EC-A5B6-45F9-AB5A-59DE9A557AB6}.Debug|Any CPU.Build.0 = Debug|Any CPU
		{7DA379EC-A5B6-45F9-AB5A-59DE9A557AB6}.Debug|x64.ActiveCfg = Debug|Any CPU
		{7DA379EC-A5B6-45F9-AB5A-59DE9A557AB6}.Debug|x64.Build.0 = Debug|Any CPU
		{7DA379EC-A5B6-45F9-AB5A-59DE9A557AB6}.Debug|x86.ActiveCfg = Debug|Any CPU
		{7DA379EC-A5B6-45F9-AB5A-59DE9A557AB6}.Debug|x86.Build.0 = Debug|Any CPU
		{7DA379EC-A5B6-45F9-AB5A-59DE9A557AB6}.Release|Any CPU.ActiveCfg = Release|Any CPU
		{7DA379EC-A5B6-45F9-AB5A-59DE9A557AB6}.Release|Any CPU.Build.0 = Release|Any CPU
		{7DA379EC-A5B6-45F9-AB5A-59DE9A557AB6}.Release|x64.ActiveCfg = Release|Any CPU
		{7DA379EC-A5B6-45F9-AB5A-59DE9A557AB6}.Release|x64.Build.0 = Release|Any CPU
		{7DA379EC-A5B6-45F9-AB5A-59DE9A557AB6}.Release|x86.ActiveCfg = Release|Any CPU
		{7DA379EC-A5B6-45F9-AB5A-59DE9A557AB6}.Release|x86.Build.0 = Release|Any CPU
		{88180520-91BC-4525-8C3E-C1985378BE16}.Debug|Any CPU.ActiveCfg = Debug|Any CPU
		{88180520-91BC-4525-8C3E-C1985378BE16}.Debug|Any CPU.Build.0 = Debug|Any CPU
		{88180520-91BC-4525-8C3E-C1985378BE16}.Debug|x64.ActiveCfg = Debug|Any CPU
		{88180520-91BC-4525-8C3E-C1985378BE16}.Debug|x64.Build.0 = Debug|Any CPU
		{88180520-91BC-4525-8C3E-C1985378BE16}.Debug|x86.ActiveCfg = Debug|Any CPU
		{88180520-91BC-4525-8C3E-C1985378BE16}.Debug|x86.Build.0 = Debug|Any CPU
		{88180520-91BC-4525-8C3E-C1985378BE16}.Release|Any CPU.ActiveCfg = Release|Any CPU
		{88180520-91BC-4525-8C3E-C1985378BE16}.Release|Any CPU.Build.0 = Release|Any CPU
		{88180520-91BC-4525-8C3E-C1985378BE16}.Release|x64.ActiveCfg = Release|Any CPU
		{88180520-91BC-4525-8C3E-C1985378BE16}.Release|x64.Build.0 = Release|Any CPU
		{88180520-91BC-4525-8C3E-C1985378BE16}.Release|x86.ActiveCfg = Release|Any CPU
		{88180520-91BC-4525-8C3E-C1985378BE16}.Release|x86.Build.0 = Release|Any CPU
		{C49F0B4D-E038-49D5-8B49-8003AD097EF3}.Debug|Any CPU.ActiveCfg = Debug|Any CPU
		{C49F0B4D-E038-49D5-8B49-8003AD097EF3}.Debug|Any CPU.Build.0 = Debug|Any CPU
		{C49F0B4D-E038-49D5-8B49-8003AD097EF3}.Debug|x64.ActiveCfg = Debug|Any CPU
		{C49F0B4D-E038-49D5-8B49-8003AD097EF3}.Debug|x64.Build.0 = Debug|Any CPU
		{C49F0B4D-E038-49D5-8B49-8003AD097EF3}.Debug|x86.ActiveCfg = Debug|Any CPU
		{C49F0B4D-E038-49D5-8B49-8003AD097EF3}.Debug|x86.Build.0 = Debug|Any CPU
		{C49F0B4D-E038-49D5-8B49-8003AD097EF3}.Release|Any CPU.ActiveCfg = Release|Any CPU
		{C49F0B4D-E038-49D5-8B49-8003AD097EF3}.Release|Any CPU.Build.0 = Release|Any CPU
		{C49F0B4D-E038-49D5-8B49-8003AD097EF3}.Release|x64.ActiveCfg = Release|Any CPU
		{C49F0B4D-E038-49D5-8B49-8003AD097EF3}.Release|x64.Build.0 = Release|Any CPU
		{C49F0B4D-E038-49D5-8B49-8003AD097EF3}.Release|x86.ActiveCfg = Release|Any CPU
		{C49F0B4D-E038-49D5-8B49-8003AD097EF3}.Release|x86.Build.0 = Release|Any CPU
		{B7941DBF-EA6C-405A-AB41-B311F2F08D97}.Debug|Any CPU.ActiveCfg = Debug|Any CPU
		{B7941DBF-EA6C-405A-AB41-B311F2F08D97}.Debug|Any CPU.Build.0 = Debug|Any CPU
		{B7941DBF-EA6C-405A-AB41-B311F2F08D97}.Debug|x64.ActiveCfg = Debug|Any CPU
		{B7941DBF-EA6C-405A-AB41-B311F2F08D97}.Debug|x64.Build.0 = Debug|Any CPU
		{B7941DBF-EA6C-405A-AB41-B311F2F08D97}.Debug|x86.ActiveCfg = Debug|Any CPU
		{B7941DBF-EA6C-405A-AB41-B311F2F08D97}.Debug|x86.Build.0 = Debug|Any CPU
		{B7941DBF-EA6C-405A-AB41-B311F2F08D97}.Release|Any CPU.ActiveCfg = Release|Any CPU
		{B7941DBF-EA6C-405A-AB41-B311F2F08D97}.Release|Any CPU.Build.0 = Release|Any CPU
		{B7941DBF-EA6C-405A-AB41-B311F2F08D97}.Release|x64.ActiveCfg = Release|Any CPU
		{B7941DBF-EA6C-405A-AB41-B311F2F08D97}.Release|x64.Build.0 = Release|Any CPU
		{B7941DBF-EA6C-405A-AB41-B311F2F08D97}.Release|x86.ActiveCfg = Release|Any CPU
		{B7941DBF-EA6C-405A-AB41-B311F2F08D97}.Release|x86.Build.0 = Release|Any CPU
		{70993430-27BC-4C24-B87C-9329527EE8CA}.Debug|Any CPU.ActiveCfg = Debug|Any CPU
		{70993430-27BC-4C24-B87C-9329527EE8CA}.Debug|Any CPU.Build.0 = Debug|Any CPU
		{70993430-27BC-4C24-B87C-9329527EE8CA}.Debug|x64.ActiveCfg = Debug|Any CPU
		{70993430-27BC-4C24-B87C-9329527EE8CA}.Debug|x64.Build.0 = Debug|Any CPU
		{70993430-27BC-4C24-B87C-9329527EE8CA}.Debug|x86.ActiveCfg = Debug|Any CPU
		{70993430-27BC-4C24-B87C-9329527EE8CA}.Debug|x86.Build.0 = Debug|Any CPU
		{70993430-27BC-4C24-B87C-9329527EE8CA}.Release|Any CPU.ActiveCfg = Release|Any CPU
		{70993430-27BC-4C24-B87C-9329527EE8CA}.Release|Any CPU.Build.0 = Release|Any CPU
		{70993430-27BC-4C24-B87C-9329527EE8CA}.Release|x64.ActiveCfg = Release|Any CPU
		{70993430-27BC-4C24-B87C-9329527EE8CA}.Release|x64.Build.0 = Release|Any CPU
		{70993430-27BC-4C24-B87C-9329527EE8CA}.Release|x86.ActiveCfg = Release|Any CPU
		{70993430-27BC-4C24-B87C-9329527EE8CA}.Release|x86.Build.0 = Release|Any CPU
		{F449D86D-CC86-48E5-AFA1-0942AE9C4209}.Debug|Any CPU.ActiveCfg = Debug|Any CPU
		{F449D86D-CC86-48E5-AFA1-0942AE9C4209}.Debug|Any CPU.Build.0 = Debug|Any CPU
		{F449D86D-CC86-48E5-AFA1-0942AE9C4209}.Debug|x64.ActiveCfg = Debug|Any CPU
		{F449D86D-CC86-48E5-AFA1-0942AE9C4209}.Debug|x64.Build.0 = Debug|Any CPU
		{F449D86D-CC86-48E5-AFA1-0942AE9C4209}.Debug|x86.ActiveCfg = Debug|Any CPU
		{F449D86D-CC86-48E5-AFA1-0942AE9C4209}.Debug|x86.Build.0 = Debug|Any CPU
		{F449D86D-CC86-48E5-AFA1-0942AE9C4209}.Release|Any CPU.ActiveCfg = Release|Any CPU
		{F449D86D-CC86-48E5-AFA1-0942AE9C4209}.Release|Any CPU.Build.0 = Release|Any CPU
		{F449D86D-CC86-48E5-AFA1-0942AE9C4209}.Release|x64.ActiveCfg = Release|Any CPU
		{F449D86D-CC86-48E5-AFA1-0942AE9C4209}.Release|x64.Build.0 = Release|Any CPU
		{F449D86D-CC86-48E5-AFA1-0942AE9C4209}.Release|x86.ActiveCfg = Release|Any CPU
		{F449D86D-CC86-48E5-AFA1-0942AE9C4209}.Release|x86.Build.0 = Release|Any CPU
		{FB3AFE02-D2F0-4E6B-A12F-6C4B4459DFBD}.Debug|Any CPU.ActiveCfg = Debug|Any CPU
		{FB3AFE02-D2F0-4E6B-A12F-6C4B4459DFBD}.Debug|Any CPU.Build.0 = Debug|Any CPU
		{FB3AFE02-D2F0-4E6B-A12F-6C4B4459DFBD}.Debug|x64.ActiveCfg = Debug|Any CPU
		{FB3AFE02-D2F0-4E6B-A12F-6C4B4459DFBD}.Debug|x64.Build.0 = Debug|Any CPU
		{FB3AFE02-D2F0-4E6B-A12F-6C4B4459DFBD}.Debug|x86.ActiveCfg = Debug|Any CPU
		{FB3AFE02-D2F0-4E6B-A12F-6C4B4459DFBD}.Debug|x86.Build.0 = Debug|Any CPU
		{FB3AFE02-D2F0-4E6B-A12F-6C4B4459DFBD}.Release|Any CPU.ActiveCfg = Release|Any CPU
		{FB3AFE02-D2F0-4E6B-A12F-6C4B4459DFBD}.Release|Any CPU.Build.0 = Release|Any CPU
		{FB3AFE02-D2F0-4E6B-A12F-6C4B4459DFBD}.Release|x64.ActiveCfg = Release|Any CPU
		{FB3AFE02-D2F0-4E6B-A12F-6C4B4459DFBD}.Release|x64.Build.0 = Release|Any CPU
		{FB3AFE02-D2F0-4E6B-A12F-6C4B4459DFBD}.Release|x86.ActiveCfg = Release|Any CPU
		{FB3AFE02-D2F0-4E6B-A12F-6C4B4459DFBD}.Release|x86.Build.0 = Release|Any CPU
		{3A1E710A-D6DC-4402-B7B3-5C7DB544BBE6}.Debug|Any CPU.ActiveCfg = Debug|Any CPU
		{3A1E710A-D6DC-4402-B7B3-5C7DB544BBE6}.Debug|Any CPU.Build.0 = Debug|Any CPU
		{3A1E710A-D6DC-4402-B7B3-5C7DB544BBE6}.Debug|x64.ActiveCfg = Debug|Any CPU
		{3A1E710A-D6DC-4402-B7B3-5C7DB544BBE6}.Debug|x64.Build.0 = Debug|Any CPU
		{3A1E710A-D6DC-4402-B7B3-5C7DB544BBE6}.Debug|x86.ActiveCfg = Debug|Any CPU
		{3A1E710A-D6DC-4402-B7B3-5C7DB544BBE6}.Debug|x86.Build.0 = Debug|Any CPU
		{3A1E710A-D6DC-4402-B7B3-5C7DB544BBE6}.Release|Any CPU.ActiveCfg = Release|Any CPU
		{3A1E710A-D6DC-4402-B7B3-5C7DB544BBE6}.Release|Any CPU.Build.0 = Release|Any CPU
		{3A1E710A-D6DC-4402-B7B3-5C7DB544BBE6}.Release|x64.ActiveCfg = Release|Any CPU
		{3A1E710A-D6DC-4402-B7B3-5C7DB544BBE6}.Release|x64.Build.0 = Release|Any CPU
		{3A1E710A-D6DC-4402-B7B3-5C7DB544BBE6}.Release|x86.ActiveCfg = Release|Any CPU
		{3A1E710A-D6DC-4402-B7B3-5C7DB544BBE6}.Release|x86.Build.0 = Release|Any CPU
		{7BC68E38-DDCA-43B0-AA83-11B636D3DC06}.Debug|Any CPU.ActiveCfg = Debug|Any CPU
		{7BC68E38-DDCA-43B0-AA83-11B636D3DC06}.Debug|Any CPU.Build.0 = Debug|Any CPU
		{7BC68E38-DDCA-43B0-AA83-11B636D3DC06}.Debug|x64.ActiveCfg = Debug|Any CPU
		{7BC68E38-DDCA-43B0-AA83-11B636D3DC06}.Debug|x64.Build.0 = Debug|Any CPU
		{7BC68E38-DDCA-43B0-AA83-11B636D3DC06}.Debug|x86.ActiveCfg = Debug|Any CPU
		{7BC68E38-DDCA-43B0-AA83-11B636D3DC06}.Debug|x86.Build.0 = Debug|Any CPU
		{7BC68E38-DDCA-43B0-AA83-11B636D3DC06}.Release|Any CPU.ActiveCfg = Release|Any CPU
		{7BC68E38-DDCA-43B0-AA83-11B636D3DC06}.Release|Any CPU.Build.0 = Release|Any CPU
		{7BC68E38-DDCA-43B0-AA83-11B636D3DC06}.Release|x64.ActiveCfg = Release|Any CPU
		{7BC68E38-DDCA-43B0-AA83-11B636D3DC06}.Release|x64.Build.0 = Release|Any CPU
		{7BC68E38-DDCA-43B0-AA83-11B636D3DC06}.Release|x86.ActiveCfg = Release|Any CPU
		{7BC68E38-DDCA-43B0-AA83-11B636D3DC06}.Release|x86.Build.0 = Release|Any CPU
		{FCEE71C4-ED55-435B-9BA0-6E36556664F4}.Debug|Any CPU.ActiveCfg = Debug|Any CPU
		{FCEE71C4-ED55-435B-9BA0-6E36556664F4}.Debug|Any CPU.Build.0 = Debug|Any CPU
		{FCEE71C4-ED55-435B-9BA0-6E36556664F4}.Debug|x64.ActiveCfg = Debug|Any CPU
		{FCEE71C4-ED55-435B-9BA0-6E36556664F4}.Debug|x64.Build.0 = Debug|Any CPU
		{FCEE71C4-ED55-435B-9BA0-6E36556664F4}.Debug|x86.ActiveCfg = Debug|Any CPU
		{FCEE71C4-ED55-435B-9BA0-6E36556664F4}.Debug|x86.Build.0 = Debug|Any CPU
		{FCEE71C4-ED55-435B-9BA0-6E36556664F4}.Release|Any CPU.ActiveCfg = Release|Any CPU
		{FCEE71C4-ED55-435B-9BA0-6E36556664F4}.Release|Any CPU.Build.0 = Release|Any CPU
		{FCEE71C4-ED55-435B-9BA0-6E36556664F4}.Release|x64.ActiveCfg = Release|Any CPU
		{FCEE71C4-ED55-435B-9BA0-6E36556664F4}.Release|x64.Build.0 = Release|Any CPU
		{FCEE71C4-ED55-435B-9BA0-6E36556664F4}.Release|x86.ActiveCfg = Release|Any CPU
		{FCEE71C4-ED55-435B-9BA0-6E36556664F4}.Release|x86.Build.0 = Release|Any CPU
		{E4AA6230-03B7-44FC-824B-ABF8AC2607EB}.Debug|Any CPU.ActiveCfg = Debug|Any CPU
		{E4AA6230-03B7-44FC-824B-ABF8AC2607EB}.Debug|Any CPU.Build.0 = Debug|Any CPU
		{E4AA6230-03B7-44FC-824B-ABF8AC2607EB}.Debug|x64.ActiveCfg = Debug|Any CPU
		{E4AA6230-03B7-44FC-824B-ABF8AC2607EB}.Debug|x64.Build.0 = Debug|Any CPU
		{E4AA6230-03B7-44FC-824B-ABF8AC2607EB}.Debug|x86.ActiveCfg = Debug|Any CPU
		{E4AA6230-03B7-44FC-824B-ABF8AC2607EB}.Debug|x86.Build.0 = Debug|Any CPU
		{E4AA6230-03B7-44FC-824B-ABF8AC2607EB}.Release|Any CPU.ActiveCfg = Release|Any CPU
		{E4AA6230-03B7-44FC-824B-ABF8AC2607EB}.Release|Any CPU.Build.0 = Release|Any CPU
		{E4AA6230-03B7-44FC-824B-ABF8AC2607EB}.Release|x64.ActiveCfg = Release|Any CPU
		{E4AA6230-03B7-44FC-824B-ABF8AC2607EB}.Release|x64.Build.0 = Release|Any CPU
		{E4AA6230-03B7-44FC-824B-ABF8AC2607EB}.Release|x86.ActiveCfg = Release|Any CPU
		{E4AA6230-03B7-44FC-824B-ABF8AC2607EB}.Release|x86.Build.0 = Release|Any CPU
		{623932F0-DCC3-42D2-8E12-D14DCA487747}.Debug|Any CPU.ActiveCfg = Debug|Any CPU
		{623932F0-DCC3-42D2-8E12-D14DCA487747}.Debug|Any CPU.Build.0 = Debug|Any CPU
		{623932F0-DCC3-42D2-8E12-D14DCA487747}.Debug|x64.ActiveCfg = Debug|Any CPU
		{623932F0-DCC3-42D2-8E12-D14DCA487747}.Debug|x64.Build.0 = Debug|Any CPU
		{623932F0-DCC3-42D2-8E12-D14DCA487747}.Debug|x86.ActiveCfg = Debug|Any CPU
		{623932F0-DCC3-42D2-8E12-D14DCA487747}.Debug|x86.Build.0 = Debug|Any CPU
		{623932F0-DCC3-42D2-8E12-D14DCA487747}.Release|Any CPU.ActiveCfg = Release|Any CPU
		{623932F0-DCC3-42D2-8E12-D14DCA487747}.Release|Any CPU.Build.0 = Release|Any CPU
		{623932F0-DCC3-42D2-8E12-D14DCA487747}.Release|x64.ActiveCfg = Release|Any CPU
		{623932F0-DCC3-42D2-8E12-D14DCA487747}.Release|x64.Build.0 = Release|Any CPU
		{623932F0-DCC3-42D2-8E12-D14DCA487747}.Release|x86.ActiveCfg = Release|Any CPU
		{623932F0-DCC3-42D2-8E12-D14DCA487747}.Release|x86.Build.0 = Release|Any CPU
		{515907E1-13AE-43CF-8667-5FFB5198C475}.Debug|Any CPU.ActiveCfg = Debug|Any CPU
		{515907E1-13AE-43CF-8667-5FFB5198C475}.Debug|Any CPU.Build.0 = Debug|Any CPU
		{515907E1-13AE-43CF-8667-5FFB5198C475}.Debug|x64.ActiveCfg = Debug|Any CPU
		{515907E1-13AE-43CF-8667-5FFB5198C475}.Debug|x64.Build.0 = Debug|Any CPU
		{515907E1-13AE-43CF-8667-5FFB5198C475}.Debug|x86.ActiveCfg = Debug|Any CPU
		{515907E1-13AE-43CF-8667-5FFB5198C475}.Debug|x86.Build.0 = Debug|Any CPU
		{515907E1-13AE-43CF-8667-5FFB5198C475}.Release|Any CPU.ActiveCfg = Release|Any CPU
		{515907E1-13AE-43CF-8667-5FFB5198C475}.Release|Any CPU.Build.0 = Release|Any CPU
		{515907E1-13AE-43CF-8667-5FFB5198C475}.Release|x64.ActiveCfg = Release|Any CPU
		{515907E1-13AE-43CF-8667-5FFB5198C475}.Release|x64.Build.0 = Release|Any CPU
		{515907E1-13AE-43CF-8667-5FFB5198C475}.Release|x86.ActiveCfg = Release|Any CPU
		{515907E1-13AE-43CF-8667-5FFB5198C475}.Release|x86.Build.0 = Release|Any CPU
		{6A6D4E3D-C855-4332-9D7D-69141CA86AAE}.Debug|Any CPU.ActiveCfg = Debug|Any CPU
		{6A6D4E3D-C855-4332-9D7D-69141CA86AAE}.Debug|Any CPU.Build.0 = Debug|Any CPU
		{6A6D4E3D-C855-4332-9D7D-69141CA86AAE}.Debug|x64.ActiveCfg = Debug|Any CPU
		{6A6D4E3D-C855-4332-9D7D-69141CA86AAE}.Debug|x64.Build.0 = Debug|Any CPU
		{6A6D4E3D-C855-4332-9D7D-69141CA86AAE}.Debug|x86.ActiveCfg = Debug|Any CPU
		{6A6D4E3D-C855-4332-9D7D-69141CA86AAE}.Debug|x86.Build.0 = Debug|Any CPU
		{6A6D4E3D-C855-4332-9D7D-69141CA86AAE}.Release|Any CPU.ActiveCfg = Release|Any CPU
		{6A6D4E3D-C855-4332-9D7D-69141CA86AAE}.Release|Any CPU.Build.0 = Release|Any CPU
		{6A6D4E3D-C855-4332-9D7D-69141CA86AAE}.Release|x64.ActiveCfg = Release|Any CPU
		{6A6D4E3D-C855-4332-9D7D-69141CA86AAE}.Release|x64.Build.0 = Release|Any CPU
		{6A6D4E3D-C855-4332-9D7D-69141CA86AAE}.Release|x86.ActiveCfg = Release|Any CPU
		{6A6D4E3D-C855-4332-9D7D-69141CA86AAE}.Release|x86.Build.0 = Release|Any CPU
		{BCCAF91C-199E-42A7-936D-053D1FF4414B}.Debug|Any CPU.ActiveCfg = Debug|Any CPU
		{BCCAF91C-199E-42A7-936D-053D1FF4414B}.Debug|Any CPU.Build.0 = Debug|Any CPU
		{BCCAF91C-199E-42A7-936D-053D1FF4414B}.Debug|x64.ActiveCfg = Debug|Any CPU
		{BCCAF91C-199E-42A7-936D-053D1FF4414B}.Debug|x64.Build.0 = Debug|Any CPU
		{BCCAF91C-199E-42A7-936D-053D1FF4414B}.Debug|x86.ActiveCfg = Debug|Any CPU
		{BCCAF91C-199E-42A7-936D-053D1FF4414B}.Debug|x86.Build.0 = Debug|Any CPU
		{BCCAF91C-199E-42A7-936D-053D1FF4414B}.Release|Any CPU.ActiveCfg = Release|Any CPU
		{BCCAF91C-199E-42A7-936D-053D1FF4414B}.Release|Any CPU.Build.0 = Release|Any CPU
		{BCCAF91C-199E-42A7-936D-053D1FF4414B}.Release|x64.ActiveCfg = Release|Any CPU
		{BCCAF91C-199E-42A7-936D-053D1FF4414B}.Release|x64.Build.0 = Release|Any CPU
		{BCCAF91C-199E-42A7-936D-053D1FF4414B}.Release|x86.ActiveCfg = Release|Any CPU
		{BCCAF91C-199E-42A7-936D-053D1FF4414B}.Release|x86.Build.0 = Release|Any CPU
		{4A24F83D-1394-4561-87BB-C756598BDA48}.Debug|Any CPU.ActiveCfg = Debug|Any CPU
		{4A24F83D-1394-4561-87BB-C756598BDA48}.Debug|Any CPU.Build.0 = Debug|Any CPU
		{4A24F83D-1394-4561-87BB-C756598BDA48}.Debug|x64.ActiveCfg = Debug|Any CPU
		{4A24F83D-1394-4561-87BB-C756598BDA48}.Debug|x64.Build.0 = Debug|Any CPU
		{4A24F83D-1394-4561-87BB-C756598BDA48}.Debug|x86.ActiveCfg = Debug|Any CPU
		{4A24F83D-1394-4561-87BB-C756598BDA48}.Debug|x86.Build.0 = Debug|Any CPU
		{4A24F83D-1394-4561-87BB-C756598BDA48}.Release|Any CPU.ActiveCfg = Release|Any CPU
		{4A24F83D-1394-4561-87BB-C756598BDA48}.Release|Any CPU.Build.0 = Release|Any CPU
		{4A24F83D-1394-4561-87BB-C756598BDA48}.Release|x64.ActiveCfg = Release|Any CPU
		{4A24F83D-1394-4561-87BB-C756598BDA48}.Release|x64.Build.0 = Release|Any CPU
		{4A24F83D-1394-4561-87BB-C756598BDA48}.Release|x86.ActiveCfg = Release|Any CPU
		{4A24F83D-1394-4561-87BB-C756598BDA48}.Release|x86.Build.0 = Release|Any CPU
	EndGlobalSection
	GlobalSection(SolutionProperties) = preSolution
		HideSolutionNode = FALSE
	EndGlobalSection
	GlobalSection(NestedProjects) = preSolution
		{26F8B7D2-46EF-425F-B9EA-F64D0D9A4C80} = {BFCE9072-0399-47DC-9B40-3303FAE7CD18}
		{BFCE9072-0399-47DC-9B40-3303FAE7CD18} = {8672A84E-52C1-4279-AB0E-5A37D6B65A51}
		{396C32F0-50B0-4BEC-9995-C5B53A242AA3} = {8672A84E-52C1-4279-AB0E-5A37D6B65A51}
		{708E0CA5-BD9D-4A1A-B405-F2F46ADDC170} = {8672A84E-52C1-4279-AB0E-5A37D6B65A51}
		{DCA60734-0019-4BA3-AB9A-3DD380882B4D} = {396C32F0-50B0-4BEC-9995-C5B53A242AA3}
		{22126FEF-10A4-474C-9D84-8693250C176B} = {DCA60734-0019-4BA3-AB9A-3DD380882B4D}
		{EFB1443E-1E30-4BD5-A3F0-C6E671AF24D3} = {708E0CA5-BD9D-4A1A-B405-F2F46ADDC170}
		{FD01A4AD-CE59-4CB4-83CA-DA42CFF6DBEE} = {708E0CA5-BD9D-4A1A-B405-F2F46ADDC170}
		{3022082E-18AB-4479-A851-0C9D5CCAB24D} = {DCA60734-0019-4BA3-AB9A-3DD380882B4D}
		{6C217269-75B8-4073-9470-CCC70253B28F} = {396C32F0-50B0-4BEC-9995-C5B53A242AA3}
		{8E684DE3-030C-46FE-9843-55C0C49527C8} = {6C217269-75B8-4073-9470-CCC70253B28F}
		{B36BEC42-ABCD-4AC7-AE3F-7ED61F72E5B0} = {6C217269-75B8-4073-9470-CCC70253B28F}
		{59458A55-0AEB-40F7-9626-55A9FBC7F32F} = {396C32F0-50B0-4BEC-9995-C5B53A242AA3}
		{7DA379EC-A5B6-45F9-AB5A-59DE9A557AB6} = {59458A55-0AEB-40F7-9626-55A9FBC7F32F}
		{88180520-91BC-4525-8C3E-C1985378BE16} = {59458A55-0AEB-40F7-9626-55A9FBC7F32F}
		{693D4E86-6710-4684-9D31-9ECAD049A7BE} = {396C32F0-50B0-4BEC-9995-C5B53A242AA3}
		{C49F0B4D-E038-49D5-8B49-8003AD097EF3} = {693D4E86-6710-4684-9D31-9ECAD049A7BE}
		{B7941DBF-EA6C-405A-AB41-B311F2F08D97} = {693D4E86-6710-4684-9D31-9ECAD049A7BE}
		{9744BA50-D6F3-41C7-B79E-A63A952EBF49} = {396C32F0-50B0-4BEC-9995-C5B53A242AA3}
		{70993430-27BC-4C24-B87C-9329527EE8CA} = {9744BA50-D6F3-41C7-B79E-A63A952EBF49}
		{F449D86D-CC86-48E5-AFA1-0942AE9C4209} = {9744BA50-D6F3-41C7-B79E-A63A952EBF49}
		{FB3AFE02-D2F0-4E6B-A12F-6C4B4459DFBD} = {9744BA50-D6F3-41C7-B79E-A63A952EBF49}
		{3A1E710A-D6DC-4402-B7B3-5C7DB544BBE6} = {9744BA50-D6F3-41C7-B79E-A63A952EBF49}
		{0AD1AA3B-0924-4A7D-B8D5-02591C0D86E3} = {396C32F0-50B0-4BEC-9995-C5B53A242AA3}
		{7BC68E38-DDCA-43B0-AA83-11B636D3DC06} = {0AD1AA3B-0924-4A7D-B8D5-02591C0D86E3}
		{FCEE71C4-ED55-435B-9BA0-6E36556664F4} = {0AD1AA3B-0924-4A7D-B8D5-02591C0D86E3}
		{E4AA6230-03B7-44FC-824B-ABF8AC2607EB} = {0AD1AA3B-0924-4A7D-B8D5-02591C0D86E3}
		{623932F0-DCC3-42D2-8E12-D14DCA487747} = {0AD1AA3B-0924-4A7D-B8D5-02591C0D86E3}
		{515907E1-13AE-43CF-8667-5FFB5198C475} = {708E0CA5-BD9D-4A1A-B405-F2F46ADDC170}
		{6A6D4E3D-C855-4332-9D7D-69141CA86AAE} = {236B6281-510E-4E4B-BABA-1A7DB0791EAC}
		{4A24F83D-1394-4561-87BB-C756598BDA48} = {236B6281-510E-4E4B-BABA-1A7DB0791EAC}
	EndGlobalSection
	GlobalSection(ExtensibilityGlobals) = postSolution
		SolutionGuid = {6F0B21BF-EE64-4A67-AFAE-9A4B96D59984}
	EndGlobalSection
EndGlobal
